
Microsoft Visual Studio Solution File, Format Version 12.00
# Visual Studio 15
Project("{FAE04EC0-301F-11D3-BF4B-00C04F79EFBC}") = "Assembly-CSharp", "Assembly-CSharp.csproj", "{32A42869-0AD1-4FED-4457-CE7CC1C6CF55}"
EndProject
Project("{FAE04EC0-301F-11D3-BF4B-00C04F79EFBC}") = "Assembly-CSharp", "Assembly-CSharp.Player.csproj", "{D8475873-906C-4FC5-BC8E-3BC0097DB49F}"
EndProject
Global
	GlobalSection(SolutionConfigurationPlatforms) = preSolution
		Debug|Any CPU = Debug|Any CPU
		Release|Any CPU = Release|Any CPU
	EndGlobalSection
	GlobalSection(ProjectConfigurationPlatforms) = postSolution
		{32A42869-0AD1-4FED-4457-CE7CC1C6CF55}.Debug|Any CPU.ActiveCfg = Debug|Any CPU
		{32A42869-0AD1-4FED-4457-CE7CC1C6CF55}.Debug|Any CPU.Build.0 = Debug|Any CPU
		{32A42869-0AD1-4FED-4457-CE7CC1C6CF55}.Release|Any CPU.ActiveCfg = Release|Any CPU
		{32A42869-0AD1-4FED-4457-CE7CC1C6CF55}.Release|Any CPU.Build.0 = Release|Any CPU
		{D8475873-906C-4FC5-BC8E-3BC0097DB49F}.Debug|Any CPU.ActiveCfg = Debug|Any CPU
		{D8475873-906C-4FC5-BC8E-3BC0097DB49F}.Debug|Any CPU.Build.0 = Debug|Any CPU
		{D8475873-906C-4FC5-BC8E-3BC0097DB49F}.Release|Any CPU.ActiveCfg = Release|Any CPU
		{D8475873-906C-4FC5-BC8E-3BC0097DB49F}.Release|Any CPU.Build.0 = Release|Any CPU
	EndGlobalSection
	GlobalSection(SolutionProperties) = preSolution
		HideSolutionNode = FALSE
	EndGlobalSection
EndGlobal
